// !$*UTF8*$!
{
	archiveVersion = 1;
	classes = {
	};
	objectVersion = 56;
	objects = {

/* Begin PBXBuildFile section */
		02F2A1462976194500994B95 /* AppDelegate.swift in Sources */ = {isa = PBXBuildFile; fileRef = 02F2A1452976194500994B95 /* AppDelegate.swift */; };
		02F2A1482976194500994B95 /* SceneDelegate.swift in Sources */ = {isa = PBXBuildFile; fileRef = 02F2A1472976194500994B95 /* SceneDelegate.swift */; };
		02F2A14D2976194500994B95 /* Main.storyboard in Resources */ = {isa = PBXBuildFile; fileRef = 02F2A14B2976194500994B95 /* Main.storyboard */; };
		02F2A14F2976194700994B95 /* Assets.xcassets in Resources */ = {isa = PBXBuildFile; fileRef = 02F2A14E2976194700994B95 /* Assets.xcassets */; };
		02F2A1522976194700994B95 /* LaunchScreen.storyboard in Resources */ = {isa = PBXBuildFile; fileRef = 02F2A1502976194700994B95 /* LaunchScreen.storyboard */; };
		02F2A15D2976194700994B95 /* MessangerTests.swift in Sources */ = {isa = PBXBuildFile; fileRef = 02F2A15C2976194700994B95 /* MessangerTests.swift */; };
		02F2A1672976194700994B95 /* MessangerUITests.swift in Sources */ = {isa = PBXBuildFile; fileRef = 02F2A1662976194700994B95 /* MessangerUITests.swift */; };
		02F2A1692976194700994B95 /* MessangerUITestsLaunchTests.swift in Sources */ = {isa = PBXBuildFile; fileRef = 02F2A1682976194700994B95 /* MessangerUITestsLaunchTests.swift */; };
		02F2A17C29761B7E00994B95 /* ConversationsViewController.swift in Sources */ = {isa = PBXBuildFile; fileRef = 02F2A17B29761B7E00994B95 /* ConversationsViewController.swift */; };
		02F2A17E29761C6300994B95 /* LoginViewController.swift in Sources */ = {isa = PBXBuildFile; fileRef = 02F2A17D29761C6300994B95 /* LoginViewController.swift */; };
		02F2A18029761C8E00994B95 /* RegisterViewController.swift in Sources */ = {isa = PBXBuildFile; fileRef = 02F2A17F29761C8E00994B95 /* RegisterViewController.swift */; };
		02F2A18229761CE900994B95 /* PhotoViewerViewController.swift in Sources */ = {isa = PBXBuildFile; fileRef = 02F2A18129761CE900994B95 /* PhotoViewerViewController.swift */; };
		02F2A18429761D3900994B95 /* VideoPlayerViewController.swift in Sources */ = {isa = PBXBuildFile; fileRef = 02F2A18329761D3900994B95 /* VideoPlayerViewController.swift */; };
		02F2A18629761D6B00994B95 /* NewConversationViewController.swift in Sources */ = {isa = PBXBuildFile; fileRef = 02F2A18529761D6B00994B95 /* NewConversationViewController.swift */; };
		02F2A18829761D8E00994B95 /* ProfileViewController.swift in Sources */ = {isa = PBXBuildFile; fileRef = 02F2A18729761D8E00994B95 /* ProfileViewController.swift */; };
/* End PBXBuildFile section */

/* Begin PBXContainerItemProxy section */
		02F2A1592976194700994B95 /* PBXContainerItemProxy */ = {
			isa = PBXContainerItemProxy;
			containerPortal = 02F2A13A2976194500994B95 /* Project object */;
			proxyType = 1;
			remoteGlobalIDString = 02F2A1412976194500994B95;
			remoteInfo = Messanger;
		};
		02F2A1632976194700994B95 /* PBXContainerItemProxy */ = {
			isa = PBXContainerItemProxy;
			containerPortal = 02F2A13A2976194500994B95 /* Project object */;
			proxyType = 1;
			remoteGlobalIDString = 02F2A1412976194500994B95;
			remoteInfo = Messanger;
		};
/* End PBXContainerItemProxy section */

/* Begin PBXFileReference section */
		02F2A1422976194500994B95 /* Messanger.app */ = {isa = PBXFileReference; explicitFileType = wrapper.application; includeInIndex = 0; path = Messanger.app; sourceTree = BUILT_PRODUCTS_DIR; };
		02F2A1452976194500994B95 /* AppDelegate.swift */ = {isa = PBXFileReference; lastKnownFileType = sourcecode.swift; path = AppDelegate.swift; sourceTree = "<group>"; };
		02F2A1472976194500994B95 /* SceneDelegate.swift */ = {isa = PBXFileReference; lastKnownFileType = sourcecode.swift; path = SceneDelegate.swift; sourceTree = "<group>"; };
		02F2A14C2976194500994B95 /* Base */ = {isa = PBXFileReference; lastKnownFileType = file.storyboard; name = Base; path = Base.lproj/Main.storyboard; sourceTree = "<group>"; };
		02F2A14E2976194700994B95 /* Assets.xcassets */ = {isa = PBXFileReference; lastKnownFileType = folder.assetcatalog; path = Assets.xcassets; sourceTree = "<group>"; };
		02F2A1512976194700994B95 /* Base */ = {isa = PBXFileReference; lastKnownFileType = file.storyboard; name = Base; path = Base.lproj/LaunchScreen.storyboard; sourceTree = "<group>"; };
		02F2A1532976194700994B95 /* Info.plist */ = {isa = PBXFileReference; lastKnownFileType = text.plist.xml; path = Info.plist; sourceTree = "<group>"; };
		02F2A1582976194700994B95 /* MessangerTests.xctest */ = {isa = PBXFileReference; explicitFileType = wrapper.cfbundle; includeInIndex = 0; path = MessangerTests.xctest; sourceTree = BUILT_PRODUCTS_DIR; };
		02F2A15C2976194700994B95 /* MessangerTests.swift */ = {isa = PBXFileReference; lastKnownFileType = sourcecode.swift; path = MessangerTests.swift; sourceTree = "<group>"; };
		02F2A1622976194700994B95 /* MessangerUITests.xctest */ = {isa = PBXFileReference; explicitFileType = wrapper.cfbundle; includeInIndex = 0; path = MessangerUITests.xctest; sourceTree = BUILT_PRODUCTS_DIR; };
		02F2A1662976194700994B95 /* MessangerUITests.swift */ = {isa = PBXFileReference; lastKnownFileType = sourcecode.swift; path = MessangerUITests.swift; sourceTree = "<group>"; };
		02F2A1682976194700994B95 /* MessangerUITestsLaunchTests.swift */ = {isa = PBXFileReference; lastKnownFileType = sourcecode.swift; path = MessangerUITestsLaunchTests.swift; sourceTree = "<group>"; };
		02F2A17B29761B7E00994B95 /* ConversationsViewController.swift */ = {isa = PBXFileReference; lastKnownFileType = sourcecode.swift; path = ConversationsViewController.swift; sourceTree = "<group>"; };
		02F2A17D29761C6300994B95 /* LoginViewController.swift */ = {isa = PBXFileReference; lastKnownFileType = sourcecode.swift; path = LoginViewController.swift; sourceTree = "<group>"; };
		02F2A17F29761C8E00994B95 /* RegisterViewController.swift */ = {isa = PBXFileReference; lastKnownFileType = sourcecode.swift; path = RegisterViewController.swift; sourceTree = "<group>"; };
		02F2A18129761CE900994B95 /* PhotoViewerViewController.swift */ = {isa = PBXFileReference; lastKnownFileType = sourcecode.swift; path = PhotoViewerViewController.swift; sourceTree = "<group>"; };
		02F2A18329761D3900994B95 /* VideoPlayerViewController.swift */ = {isa = PBXFileReference; lastKnownFileType = sourcecode.swift; path = VideoPlayerViewController.swift; sourceTree = "<group>"; };
		02F2A18529761D6B00994B95 /* NewConversationViewController.swift */ = {isa = PBXFileReference; lastKnownFileType = sourcecode.swift; path = NewConversationViewController.swift; sourceTree = "<group>"; };
		02F2A18729761D8E00994B95 /* ProfileViewController.swift */ = {isa = PBXFileReference; lastKnownFileType = sourcecode.swift; path = ProfileViewController.swift; sourceTree = "<group>"; };
/* End PBXFileReference section */

/* Begin PBXFrameworksBuildPhase section */
		02F2A13F2976194500994B95 /* Frameworks */ = {
			isa = PBXFrameworksBuildPhase;
			buildActionMask = 2147483647;
			files = (
			);
			runOnlyForDeploymentPostprocessing = 0;
		};
		02F2A1552976194700994B95 /* Frameworks */ = {
			isa = PBXFrameworksBuildPhase;
			buildActionMask = 2147483647;
			files = (
			);
			runOnlyForDeploymentPostprocessing = 0;
		};
		02F2A15F2976194700994B95 /* Frameworks */ = {
			isa = PBXFrameworksBuildPhase;
			buildActionMask = 2147483647;
			files = (
			);
			runOnlyForDeploymentPostprocessing = 0;
		};
/* End PBXFrameworksBuildPhase section */

/* Begin PBXGroup section */
		02F2A1392976194500994B95 = {
			isa = PBXGroup;
			children = (
				02F2A1442976194500994B95 /* Messanger */,
				02F2A15B2976194700994B95 /* MessangerTests */,
				02F2A1652976194700994B95 /* MessangerUITests */,
				02F2A1432976194500994B95 /* Products */,
			);
			sourceTree = "<group>";
		};
		02F2A1432976194500994B95 /* Products */ = {
			isa = PBXGroup;
			children = (
				02F2A1422976194500994B95 /* Messanger.app */,
				02F2A1582976194700994B95 /* MessangerTests.xctest */,
				02F2A1622976194700994B95 /* MessangerUITests.xctest */,
			);
			name = Products;
			sourceTree = "<group>";
		};
		02F2A1442976194500994B95 /* Messanger */ = {
			isa = PBXGroup;
			children = (
				02F2A17929761AC500994B95 /* Resources */,
				02F2A17829761AAF00994B95 /* ViewModels */,
				02F2A17729761A9800994B95 /* Controllers */,
				02F2A17629761A9000994B95 /* Views */,
				02F2A17529761A8600994B95 /* Models */,
				02F2A1532976194700994B95 /* Info.plist */,
			);
			path = Messanger;
			sourceTree = "<group>";
		};
		02F2A15B2976194700994B95 /* MessangerTests */ = {
			isa = PBXGroup;
			children = (
				02F2A15C2976194700994B95 /* MessangerTests.swift */,
			);
			path = MessangerTests;
			sourceTree = "<group>";
		};
		02F2A1652976194700994B95 /* MessangerUITests */ = {
			isa = PBXGroup;
			children = (
				02F2A1662976194700994B95 /* MessangerUITests.swift */,
				02F2A1682976194700994B95 /* MessangerUITestsLaunchTests.swift */,
			);
			path = MessangerUITests;
			sourceTree = "<group>";
		};
		02F2A17529761A8600994B95 /* Models */ = {
			isa = PBXGroup;
			children = (
			);
			path = Models;
			sourceTree = "<group>";
		};
		02F2A17629761A9000994B95 /* Views */ = {
			isa = PBXGroup;
			children = (
				02F2A17A29761B1B00994B95 /* Storyboards */,
				02F2A14E2976194700994B95 /* Assets.xcassets */,
			);
			path = Views;
			sourceTree = "<group>";
		};
		02F2A17729761A9800994B95 /* Controllers */ = {
			isa = PBXGroup;
			children = (
				02F2A17B29761B7E00994B95 /* ConversationsViewController.swift */,
				02F2A17D29761C6300994B95 /* LoginViewController.swift */,
				02F2A17F29761C8E00994B95 /* RegisterViewController.swift */,
				02F2A18129761CE900994B95 /* PhotoViewerViewController.swift */,
				02F2A18329761D3900994B95 /* VideoPlayerViewController.swift */,
				02F2A18529761D6B00994B95 /* NewConversationViewController.swift */,
				02F2A18729761D8E00994B95 /* ProfileViewController.swift */,
			);
			path = Controllers;
			sourceTree = "<group>";
		};
		02F2A17829761AAF00994B95 /* ViewModels */ = {
			isa = PBXGroup;
			children = (
			);
			path = ViewModels;
			sourceTree = "<group>";
		};
		02F2A17929761AC500994B95 /* Resources */ = {
			isa = PBXGroup;
			children = (
				02F2A1452976194500994B95 /* AppDelegate.swift */,
				02F2A1472976194500994B95 /* SceneDelegate.swift */,
			);
			path = Resources;
			sourceTree = "<group>";
		};
		02F2A17A29761B1B00994B95 /* Storyboards */ = {
			isa = PBXGroup;
			children = (
				02F2A14B2976194500994B95 /* Main.storyboard */,
				02F2A1502976194700994B95 /* LaunchScreen.storyboard */,
			);
			path = Storyboards;
			sourceTree = "<group>";
		};
/* End PBXGroup section */

/* Begin PBXNativeTarget section */
		02F2A1412976194500994B95 /* Messanger */ = {
			isa = PBXNativeTarget;
			buildConfigurationList = 02F2A16C2976194700994B95 /* Build configuration list for PBXNativeTarget "Messanger" */;
			buildPhases = (
				02F2A13E2976194500994B95 /* Sources */,
				02F2A13F2976194500994B95 /* Frameworks */,
				02F2A1402976194500994B95 /* Resources */,
			);
			buildRules = (
			);
			dependencies = (
			);
			name = Messanger;
			productName = Messanger;
			productReference = 02F2A1422976194500994B95 /* Messanger.app */;
			productType = "com.apple.product-type.application";
		};
		02F2A1572976194700994B95 /* MessangerTests */ = {
			isa = PBXNativeTarget;
			buildConfigurationList = 02F2A16F2976194700994B95 /* Build configuration list for PBXNativeTarget "MessangerTests" */;
			buildPhases = (
				02F2A1542976194700994B95 /* Sources */,
				02F2A1552976194700994B95 /* Frameworks */,
				02F2A1562976194700994B95 /* Resources */,
			);
			buildRules = (
			);
			dependencies = (
				02F2A15A2976194700994B95 /* PBXTargetDependency */,
			);
			name = MessangerTests;
			productName = MessangerTests;
			productReference = 02F2A1582976194700994B95 /* MessangerTests.xctest */;
			productType = "com.apple.product-type.bundle.unit-test";
		};
		02F2A1612976194700994B95 /* MessangerUITests */ = {
			isa = PBXNativeTarget;
			buildConfigurationList = 02F2A1722976194700994B95 /* Build configuration list for PBXNativeTarget "MessangerUITests" */;
			buildPhases = (
				02F2A15E2976194700994B95 /* Sources */,
				02F2A15F2976194700994B95 /* Frameworks */,
				02F2A1602976194700994B95 /* Resources */,
			);
			buildRules = (
			);
			dependencies = (
				02F2A1642976194700994B95 /* PBXTargetDependency */,
			);
			name = MessangerUITests;
			productName = MessangerUITests;
			productReference = 02F2A1622976194700994B95 /* MessangerUITests.xctest */;
			productType = "com.apple.product-type.bundle.ui-testing";
		};
/* End PBXNativeTarget section */

/* Begin PBXProject section */
		02F2A13A2976194500994B95 /* Project object */ = {
			isa = PBXProject;
			attributes = {
				BuildIndependentTargetsInParallel = 1;
				LastSwiftUpdateCheck = 1420;
				LastUpgradeCheck = 1420;
				TargetAttributes = {
					02F2A1412976194500994B95 = {
						CreatedOnToolsVersion = 14.2;
					};
					02F2A1572976194700994B95 = {
						CreatedOnToolsVersion = 14.2;
						TestTargetID = 02F2A1412976194500994B95;
					};
					02F2A1612976194700994B95 = {
						CreatedOnToolsVersion = 14.2;
						TestTargetID = 02F2A1412976194500994B95;
					};
				};
			};
			buildConfigurationList = 02F2A13D2976194500994B95 /* Build configuration list for PBXProject "Messanger" */;
			compatibilityVersion = "Xcode 14.0";
			developmentRegion = en;
			hasScannedForEncodings = 0;
			knownRegions = (
				en,
				Base,
			);
			mainGroup = 02F2A1392976194500994B95;
			productRefGroup = 02F2A1432976194500994B95 /* Products */;
			projectDirPath = "";
			projectRoot = "";
			targets = (
				02F2A1412976194500994B95 /* Messanger */,
				02F2A1572976194700994B95 /* MessangerTests */,
				02F2A1612976194700994B95 /* MessangerUITests */,
			);
		};
/* End PBXProject section */

/* Begin PBXResourcesBuildPhase section */
		02F2A1402976194500994B95 /* Resources */ = {
			isa = PBXResourcesBuildPhase;
			buildActionMask = 2147483647;
			files = (
				02F2A1522976194700994B95 /* LaunchScreen.storyboard in Resources */,
				02F2A14F2976194700994B95 /* Assets.xcassets in Resources */,
				02F2A14D2976194500994B95 /* Main.storyboard in Resources */,
			);
			runOnlyForDeploymentPostprocessing = 0;
		};
		02F2A1562976194700994B95 /* Resources */ = {
			isa = PBXResourcesBuildPhase;
			buildActionMask = 2147483647;
			files = (
			);
			runOnlyForDeploymentPostprocessing = 0;
		};
		02F2A1602976194700994B95 /* Resources */ = {
			isa = PBXResourcesBuildPhase;
			buildActionMask = 2147483647;
			files = (
			);
			runOnlyForDeploymentPostprocessing = 0;
		};
/* End PBXResourcesBuildPhase section */

/* Begin PBXSourcesBuildPhase section */
		02F2A13E2976194500994B95 /* Sources */ = {
			isa = PBXSourcesBuildPhase;
			buildActionMask = 2147483647;
			files = (
				02F2A17E29761C6300994B95 /* LoginViewController.swift in Sources */,
				02F2A18029761C8E00994B95 /* RegisterViewController.swift in Sources */,
				02F2A18629761D6B00994B95 /* NewConversationViewController.swift in Sources */,
				02F2A1462976194500994B95 /* AppDelegate.swift in Sources */,
				02F2A18429761D3900994B95 /* VideoPlayerViewController.swift in Sources */,
				02F2A1482976194500994B95 /* SceneDelegate.swift in Sources */,
				02F2A18829761D8E00994B95 /* ProfileViewController.swift in Sources */,
				02F2A17C29761B7E00994B95 /* ConversationsViewController.swift in Sources */,
				02F2A18229761CE900994B95 /* PhotoViewerViewController.swift in Sources */,
			);
			runOnlyForDeploymentPostprocessing = 0;
		};
		02F2A1542976194700994B95 /* Sources */ = {
			isa = PBXSourcesBuildPhase;
			buildActionMask = 2147483647;
			files = (
				02F2A15D2976194700994B95 /* MessangerTests.swift in Sources */,
			);
			runOnlyForDeploymentPostprocessing = 0;
		};
		02F2A15E2976194700994B95 /* Sources */ = {
			isa = PBXSourcesBuildPhase;
			buildActionMask = 2147483647;
			files = (
				02F2A1692976194700994B95 /* MessangerUITestsLaunchTests.swift in Sources */,
				02F2A1672976194700994B95 /* MessangerUITests.swift in Sources */,
			);
			runOnlyForDeploymentPostprocessing = 0;
		};
/* End PBXSourcesBuildPhase section */

/* Begin PBXTargetDependency section */
		02F2A15A2976194700994B95 /* PBXTargetDependency */ = {
			isa = PBXTargetDependency;
			target = 02F2A1412976194500994B95 /* Messanger */;
			targetProxy = 02F2A1592976194700994B95 /* PBXContainerItemProxy */;
		};
		02F2A1642976194700994B95 /* PBXTargetDependency */ = {
			isa = PBXTargetDependency;
			target = 02F2A1412976194500994B95 /* Messanger */;
			targetProxy = 02F2A1632976194700994B95 /* PBXContainerItemProxy */;
		};
/* End PBXTargetDependency section */

/* Begin PBXVariantGroup section */
		02F2A14B2976194500994B95 /* Main.storyboard */ = {
			isa = PBXVariantGroup;
			children = (
				02F2A14C2976194500994B95 /* Base */,
			);
			name = Main.storyboard;
			sourceTree = "<group>";
		};
		02F2A1502976194700994B95 /* LaunchScreen.storyboard */ = {
			isa = PBXVariantGroup;
			children = (
				02F2A1512976194700994B95 /* Base */,
			);
			name = LaunchScreen.storyboard;
			sourceTree = "<group>";
		};
/* End PBXVariantGroup section */

/* Begin XCBuildConfiguration section */
		02F2A16A2976194700994B95 /* Debug */ = {
			isa = XCBuildConfiguration;
			buildSettings = {
				ALWAYS_SEARCH_USER_PATHS = NO;
				CLANG_ANALYZER_NONNULL = YES;
				CLANG_ANALYZER_NUMBER_OBJECT_CONVERSION = YES_AGGRESSIVE;
				CLANG_CXX_LANGUAGE_STANDARD = "gnu++20";
				CLANG_ENABLE_MODULES = YES;
				CLANG_ENABLE_OBJC_ARC = YES;
				CLANG_ENABLE_OBJC_WEAK = YES;
				CLANG_WARN_BLOCK_CAPTURE_AUTORELEASING = YES;
				CLANG_WARN_BOOL_CONVERSION = YES;
				CLANG_WARN_COMMA = YES;
				CLANG_WARN_CONSTANT_CONVERSION = YES;
				CLANG_WARN_DEPRECATED_OBJC_IMPLEMENTATIONS = YES;
				CLANG_WARN_DIRECT_OBJC_ISA_USAGE = YES_ERROR;
				CLANG_WARN_DOCUMENTATION_COMMENTS = YES;
				CLANG_WARN_EMPTY_BODY = YES;
				CLANG_WARN_ENUM_CONVERSION = YES;
				CLANG_WARN_INFINITE_RECURSION = YES;
				CLANG_WARN_INT_CONVERSION = YES;
				CLANG_WARN_NON_LITERAL_NULL_CONVERSION = YES;
				CLANG_WARN_OBJC_IMPLICIT_RETAIN_SELF = YES;
				CLANG_WARN_OBJC_LITERAL_CONVERSION = YES;
				CLANG_WARN_OBJC_ROOT_CLASS = YES_ERROR;
				CLANG_WARN_QUOTED_INCLUDE_IN_FRAMEWORK_HEADER = YES;
				CLANG_WARN_RANGE_LOOP_ANALYSIS = YES;
				CLANG_WARN_STRICT_PROTOTYPES = YES;
				CLANG_WARN_SUSPICIOUS_MOVE = YES;
				CLANG_WARN_UNGUARDED_AVAILABILITY = YES_AGGRESSIVE;
				CLANG_WARN_UNREACHABLE_CODE = YES;
				CLANG_WARN__DUPLICATE_METHOD_MATCH = YES;
				COPY_PHASE_STRIP = NO;
				DEBUG_INFORMATION_FORMAT = dwarf;
				ENABLE_STRICT_OBJC_MSGSEND = YES;
				ENABLE_TESTABILITY = YES;
				GCC_C_LANGUAGE_STANDARD = gnu11;
				GCC_DYNAMIC_NO_PIC = NO;
				GCC_NO_COMMON_BLOCKS = YES;
				GCC_OPTIMIZATION_LEVEL = 0;
				GCC_PREPROCESSOR_DEFINITIONS = (
					"DEBUG=1",
					"$(inherited)",
				);
				GCC_WARN_64_TO_32_BIT_CONVERSION = YES;
				GCC_WARN_ABOUT_RETURN_TYPE = YES_ERROR;
				GCC_WARN_UNDECLARED_SELECTOR = YES;
				GCC_WARN_UNINITIALIZED_AUTOS = YES_AGGRESSIVE;
				GCC_WARN_UNUSED_FUNCTION = YES;
				GCC_WARN_UNUSED_VARIABLE = YES;
				IPHONEOS_DEPLOYMENT_TARGET = 16.2;
				MTL_ENABLE_DEBUG_INFO = INCLUDE_SOURCE;
				MTL_FAST_MATH = YES;
				ONLY_ACTIVE_ARCH = YES;
				SDKROOT = iphoneos;
				SWIFT_ACTIVE_COMPILATION_CONDITIONS = DEBUG;
				SWIFT_OPTIMIZATION_LEVEL = "-Onone";
			};
			name = Debug;
		};
		02F2A16B2976194700994B95 /* Release */ = {
			isa = XCBuildConfiguration;
			buildSettings = {
				ALWAYS_SEARCH_USER_PATHS = NO;
				CLANG_ANALYZER_NONNULL = YES;
				CLANG_ANALYZER_NUMBER_OBJECT_CONVERSION = YES_AGGRESSIVE;
				CLANG_CXX_LANGUAGE_STANDARD = "gnu++20";
				CLANG_ENABLE_MODULES = YES;
				CLANG_ENABLE_OBJC_ARC = YES;
				CLANG_ENABLE_OBJC_WEAK = YES;
				CLANG_WARN_BLOCK_CAPTURE_AUTORELEASING = YES;
				CLANG_WARN_BOOL_CONVERSION = YES;
				CLANG_WARN_COMMA = YES;
				CLANG_WARN_CONSTANT_CONVERSION = YES;
				CLANG_WARN_DEPRECATED_OBJC_IMPLEMENTATIONS = YES;
				CLANG_WARN_DIRECT_OBJC_ISA_USAGE = YES_ERROR;
				CLANG_WARN_DOCUMENTATION_COMMENTS = YES;
				CLANG_WARN_EMPTY_BODY = YES;
				CLANG_WARN_ENUM_CONVERSION = YES;
				CLANG_WARN_INFINITE_RECURSION = YES;
				CLANG_WARN_INT_CONVERSION = YES;
				CLANG_WARN_NON_LITERAL_NULL_CONVERSION = YES;
				CLANG_WARN_OBJC_IMPLICIT_RETAIN_SELF = YES;
				CLANG_WARN_OBJC_LITERAL_CONVERSION = YES;
				CLANG_WARN_OBJC_ROOT_CLASS = YES_ERROR;
				CLANG_WARN_QUOTED_INCLUDE_IN_FRAMEWORK_HEADER = YES;
				CLANG_WARN_RANGE_LOOP_ANALYSIS = YES;
				CLANG_WARN_STRICT_PROTOTYPES = YES;
				CLANG_WARN_SUSPICIOUS_MOVE = YES;
				CLANG_WARN_UNGUARDED_AVAILABILITY = YES_AGGRESSIVE;
				CLANG_WARN_UNREACHABLE_CODE = YES;
				CLANG_WARN__DUPLICATE_METHOD_MATCH = YES;
				COPY_PHASE_STRIP = NO;
				DEBUG_INFORMATION_FORMAT = "dwarf-with-dsym";
				ENABLE_NS_ASSERTIONS = NO;
				ENABLE_STRICT_OBJC_MSGSEND = YES;
				GCC_C_LANGUAGE_STANDARD = gnu11;
				GCC_NO_COMMON_BLOCKS = YES;
				GCC_WARN_64_TO_32_BIT_CONVERSION = YES;
				GCC_WARN_ABOUT_RETURN_TYPE = YES_ERROR;
				GCC_WARN_UNDECLARED_SELECTOR = YES;
				GCC_WARN_UNINITIALIZED_AUTOS = YES_AGGRESSIVE;
				GCC_WARN_UNUSED_FUNCTION = YES;
				GCC_WARN_UNUSED_VARIABLE = YES;
				IPHONEOS_DEPLOYMENT_TARGET = 16.2;
				MTL_ENABLE_DEBUG_INFO = NO;
				MTL_FAST_MATH = YES;
				SDKROOT = iphoneos;
				SWIFT_COMPILATION_MODE = wholemodule;
				SWIFT_OPTIMIZATION_LEVEL = "-O";
				VALIDATE_PRODUCT = YES;
			};
			name = Release;
		};
		02F2A16D2976194700994B95 /* Debug */ = {
			isa = XCBuildConfiguration;
			buildSettings = {
				ASSETCATALOG_COMPILER_APPICON_NAME = AppIcon;
				ASSETCATALOG_COMPILER_GLOBAL_ACCENT_COLOR_NAME = AccentColor;
				CODE_SIGN_STYLE = Automatic;
				CURRENT_PROJECT_VERSION = 1;
				GENERATE_INFOPLIST_FILE = YES;
				INFOPLIST_FILE = Messanger/Info.plist;
				INFOPLIST_KEY_UIApplicationSupportsIndirectInputEvents = YES;
				INFOPLIST_KEY_UILaunchStoryboardName = LaunchScreen;
				INFOPLIST_KEY_UIMainStoryboardFile = Main;
				INFOPLIST_KEY_UISupportedInterfaceOrientations = UIInterfaceOrientationPortrait;
				INFOPLIST_KEY_UISupportedInterfaceOrientations_iPad = "UIInterfaceOrientationPortrait UIInterfaceOrientationPortraitUpsideDown";
				LD_RUNPATH_SEARCH_PATHS = (
					"$(inherited)",
					"@executable_path/Frameworks",
				);
				MARKETING_VERSION = 1.0;
				PRODUCT_BUNDLE_IDENTIFIER = com.enhanceIT.Messanger;
				PRODUCT_NAME = "$(TARGET_NAME)";
				SWIFT_EMIT_LOC_STRINGS = YES;
				SWIFT_VERSION = 5.0;
				TARGETED_DEVICE_FAMILY = "1,2";
			};
			name = Debug;
		};
		02F2A16E2976194700994B95 /* Release */ = {
			isa = XCBuildConfiguration;
			buildSettings = {
				ASSETCATALOG_COMPILER_APPICON_NAME = AppIcon;
				ASSETCATALOG_COMPILER_GLOBAL_ACCENT_COLOR_NAME = AccentColor;
				CODE_SIGN_STYLE = Automatic;
				CURRENT_PROJECT_VERSION = 1;
				GENERATE_INFOPLIST_FILE = YES;
				INFOPLIST_FILE = Messanger/Info.plist;
				INFOPLIST_KEY_UIApplicationSupportsIndirectInputEvents = YES;
				INFOPLIST_KEY_UILaunchStoryboardName = LaunchScreen;
				INFOPLIST_KEY_UIMainStoryboardFile = Main;
				INFOPLIST_KEY_UISupportedInterfaceOrientations = UIInterfaceOrientationPortrait;
				INFOPLIST_KEY_UISupportedInterfaceOrientations_iPad = "UIInterfaceOrientationPortrait UIInterfaceOrientationPortraitUpsideDown";
				LD_RUNPATH_SEARCH_PATHS = (
					"$(inherited)",
					"@executable_path/Frameworks",
				);
				MARKETING_VERSION = 1.0;
				PRODUCT_BUNDLE_IDENTIFIER = com.enhanceIT.Messanger;
				PRODUCT_NAME = "$(TARGET_NAME)";
				SWIFT_EMIT_LOC_STRINGS = YES;
				SWIFT_VERSION = 5.0;
				TARGETED_DEVICE_FAMILY = "1,2";
			};
			name = Release;
		};
		02F2A1702976194700994B95 /* Debug */ = {
			isa = XCBuildConfiguration;
			buildSettings = {
				ALWAYS_EMBED_SWIFT_STANDARD_LIBRARIES = YES;
				BUNDLE_LOADER = "$(TEST_HOST)";
				CODE_SIGN_STYLE = Automatic;
				CURRENT_PROJECT_VERSION = 1;
				GENERATE_INFOPLIST_FILE = YES;
				IPHONEOS_DEPLOYMENT_TARGET = 16.2;
				MARKETING_VERSION = 1.0;
				PRODUCT_BUNDLE_IDENTIFIER = com.enhanceIT.MessangerTests;
				PRODUCT_NAME = "$(TARGET_NAME)";
				SWIFT_EMIT_LOC_STRINGS = NO;
				SWIFT_VERSION = 5.0;
				TARGETED_DEVICE_FAMILY = "1,2";
				TEST_HOST = "$(BUILT_PRODUCTS_DIR)/Messanger.app/$(BUNDLE_EXECUTABLE_FOLDER_PATH)/Messanger";
			};
			name = Debug;
		};
		02F2A1712976194700994B95 /* Release */ = {
			isa = XCBuildConfiguration;
			buildSettings = {
				ALWAYS_EMBED_SWIFT_STANDARD_LIBRARIES = YES;
				BUNDLE_LOADER = "$(TEST_HOST)";
				CODE_SIGN_STYLE = Automatic;
				CURRENT_PROJECT_VERSION = 1;
				GENERATE_INFOPLIST_FILE = YES;
				IPHONEOS_DEPLOYMENT_TARGET = 16.2;
				MARKETING_VERSION = 1.0;
				PRODUCT_BUNDLE_IDENTIFIER = com.enhanceIT.MessangerTests;
				PRODUCT_NAME = "$(TARGET_NAME)";
				SWIFT_EMIT_LOC_STRINGS = NO;
				SWIFT_VERSION = 5.0;
				TARGETED_DEVICE_FAMILY = "1,2";
				TEST_HOST = "$(BUILT_PRODUCTS_DIR)/Messanger.app/$(BUNDLE_EXECUTABLE_FOLDER_PATH)/Messanger";
			};
			name = Release;
		};
		02F2A1732976194700994B95 /* Debug */ = {
			isa = XCBuildConfiguration;
			buildSettings = {
				ALWAYS_EMBED_SWIFT_STANDARD_LIBRARIES = YES;
				CODE_SIGN_STYLE = Automatic;
				CURRENT_PROJECT_VERSION = 1;
				GENERATE_INFOPLIST_FILE = YES;
				MARKETING_VERSION = 1.0;
				PRODUCT_BUNDLE_IDENTIFIER = com.enhanceIT.MessangerUITests;
				PRODUCT_NAME = "$(TARGET_NAME)";
				SWIFT_EMIT_LOC_STRINGS = NO;
				SWIFT_VERSION = 5.0;
				TARGETED_DEVICE_FAMILY = "1,2";
				TEST_TARGET_NAME = Messanger;
			};
			name = Debug;
		};
		02F2A1742976194700994B95 /* Release */ = {
			isa = XCBuildConfiguration;
			buildSettings = {
				ALWAYS_EMBED_SWIFT_STANDARD_LIBRARIES = YES;
				CODE_SIGN_STYLE = Automatic;
				CURRENT_PROJECT_VERSION = 1;
				GENERATE_INFOPLIST_FILE = YES;
				MARKETING_VERSION = 1.0;
				PRODUCT_BUNDLE_IDENTIFIER = com.enhanceIT.MessangerUITests;
				PRODUCT_NAME = "$(TARGET_NAME)";
				SWIFT_EMIT_LOC_STRINGS = NO;
				SWIFT_VERSION = 5.0;
				TARGETED_DEVICE_FAMILY = "1,2";
				TEST_TARGET_NAME = Messanger;
			};
			name = Release;
		};
/* End XCBuildConfiguration section */

/* Begin XCConfigurationList section */
		02F2A13D2976194500994B95 /* Build configuration list for PBXProject "Messanger" */ = {
			isa = XCConfigurationList;
			buildConfigurations = (
				02F2A16A2976194700994B95 /* Debug */,
				02F2A16B2976194700994B95 /* Release */,
			);
			defaultConfigurationIsVisible = 0;
			defaultConfigurationName = Release;
		};
		02F2A16C2976194700994B95 /* Build configuration list for PBXNativeTarget "Messanger" */ = {
			isa = XCConfigurationList;
			buildConfigurations = (
				02F2A16D2976194700994B95 /* Debug */,
				02F2A16E2976194700994B95 /* Release */,
			);
			defaultConfigurationIsVisible = 0;
			defaultConfigurationName = Release;
		};
		02F2A16F2976194700994B95 /* Build configuration list for PBXNativeTarget "MessangerTests" */ = {
			isa = XCConfigurationList;
			buildConfigurations = (
				02F2A1702976194700994B95 /* Debug */,
				02F2A1712976194700994B95 /* Release */,
			);
			defaultConfigurationIsVisible = 0;
			defaultConfigurationName = Release;
		};
		02F2A1722976194700994B95 /* Build configuration list for PBXNativeTarget "MessangerUITests" */ = {
			isa = XCConfigurationList;
			buildConfigurations = (
				02F2A1732976194700994B95 /* Debug */,
				02F2A1742976194700994B95 /* Release */,
			);
			defaultConfigurationIsVisible = 0;
			defaultConfigurationName = Release;
		};
/* End XCConfigurationList section */
	};
	rootObject = 02F2A13A2976194500994B95 /* Project object */;
}
